
Microsoft Visual Studio Solution File, Format Version 12.00
# Visual Studio Version 17
VisualStudioVersion = 17.3.32825.248
MinimumVisualStudioVersion = 10.0.40219.1
Project("{FAE04EC0-301F-11D3-BF4B-00C04F79EFBC}") = "Rimdustry", "Rimdustry.csproj", "{D2B83A8D-8C85-433E-8A31-385A9C04329A}"
EndProject
Global
	GlobalSection(SolutionConfigurationPlatforms) = preSolution
		Debug|Any CPU = Debug|Any CPU
		Release|Any CPU = Release|Any CPU
	EndGlobalSection
	GlobalSection(ProjectConfigurationPlatforms) = postSolution
		{D2B83A8D-8C85-433E-8A31-385A9C04329A}.Debug|Any CPU.ActiveCfg = Debug|Any CPU
		{D2B83A8D-8C85-433E-8A31-385A9C04329A}.Debug|Any CPU.Build.0 = Debug|Any CPU
		{D2B83A8D-8C85-433E-8A31-385A9C04329A}.Release|Any CPU.ActiveCfg = Release|Any CPU
		{D2B83A8D-8C85-433E-8A31-385A9C04329A}.Release|Any CPU.Build.0 = Release|Any CPU
	EndGlobalSection
	GlobalSection(SolutionProperties) = preSolution
		HideSolutionNode = FALSE
	EndGlobalSection
	GlobalSection(ExtensibilityGlobals) = postSolution
		SolutionGuid = {10B6FB47-2D32-46BB-ACCD-401BB44F9C42}
	EndGlobalSection
EndGlobal
